
Microsoft Visual Studio Solution File, Format Version 12.00
# Visual Studio Version 17
VisualStudioVersion = 17.9.34728.123
MinimumVisualStudioVersion = 10.0.40219.1
Project("{FAE04EC0-301F-11D3-BF4B-00C04F79EFBC}") = "lab2", "lab2\lab2.csproj", "{38624A29-6E16-4BE8-8870-F07F63674F82}"
EndProject
Project("{FAE04EC0-301F-11D3-BF4B-00C04F79EFBC}") = "ObserverPatternTests", "TestProject1\ObserverPatternTests.csproj", "{12E6DB0D-D68E-4471-9D93-01E7B6A30118}"
EndProject
Global
	GlobalSection(SolutionConfigurationPlatforms) = preSolution
		Debug|Any CPU = Debug|Any CPU
		Release|Any CPU = Release|Any CPU
	EndGlobalSection
	GlobalSection(ProjectConfigurationPlatforms) = postSolution
		{38624A29-6E16-4BE8-8870-F07F63674F82}.Debug|Any CPU.ActiveCfg = Debug|Any CPU
		{38624A29-6E16-4BE8-8870-F07F63674F82}.Debug|Any CPU.Build.0 = Debug|Any CPU
		{38624A29-6E16-4BE8-8870-F07F63674F82}.Release|Any CPU.ActiveCfg = Release|Any CPU
		{38624A29-6E16-4BE8-8870-F07F63674F82}.Release|Any CPU.Build.0 = Release|Any CPU
		{12E6DB0D-D68E-4471-9D93-01E7B6A30118}.Debug|Any CPU.ActiveCfg = Debug|Any CPU
		{12E6DB0D-D68E-4471-9D93-01E7B6A30118}.Debug|Any CPU.Build.0 = Debug|Any CPU
		{12E6DB0D-D68E-4471-9D93-01E7B6A30118}.Release|Any CPU.ActiveCfg = Release|Any CPU
		{12E6DB0D-D68E-4471-9D93-01E7B6A30118}.Release|Any CPU.Build.0 = Release|Any CPU
	EndGlobalSection
	GlobalSection(SolutionProperties) = preSolution
		HideSolutionNode = FALSE
	EndGlobalSection
	GlobalSection(ExtensibilityGlobals) = postSolution
		SolutionGuid = {8A0C5EEB-AF63-4EB6-B9EC-BC7D2A489ED0}
	EndGlobalSection
EndGlobal
